PODS:
  - DACircularProgress (2.3.1)
  - MBProgressHUD (1.2.0)
  - MWPhotoBrowser (2.2.0):
    - DACircularProgress (~> 2.3)
    - MBProgressHUD (~> 1.2)
    - SDWebImage (~> 5.8.0)
  - SDWebImage (5.8.0):
    - SDWebImage/Core (= 5.8.0)
  - SDWebImage/Core (5.8.0)

DEPENDENCIES:
  - MWPhotoBrowser (from `../`)

SPEC REPOS:
  trunk:
    - DACircularProgress
    - MBProgressHUD
    - SDWebImage

EXTERNAL SOURCES:
  MWPhotoBrowser:
    :path: "../"

SPEC CHECKSUMS:
  DACircularProgress: 4dd437c0fc3da5161cb289e07ac449493d41db71
  MBProgressHUD: 3ee5efcc380f6a79a7cc9b363dd669c5e1ae7406
  MWPhotoBrowser: 7ca8989cb184bfb775403e762cbb70e953e01510
  SDWebImage: 84000f962cbfa70c07f19d2234cbfcf5d779b5dc

PODFILE CHECKSUM: 9626afc01f7dd843693fbe627660f70ab0aebb63

COCOAPODS: 1.9.2
